Microsoft Visual Studio Solution File, Format Version 8.00
Project("{8BC9CEB8-8B4A-11D0-8D11-00A0C91BC942}") = "XGRAPH", "XGRAPH.vcproj", "{DC1E6561-CD3C-44B9-8931-B9A98EEDBDDC}"
	ProjectSection(ProjectDependencies) = postProject
	EndProjectSection
EndProject
Global
	GlobalSection(SolutionConfiguration) = preSolution
		Release = Release
	EndGlobalSection
	GlobalSection(ProjectConfiguration) = postSolution
		{DC1E6561-CD3C-44B9-8931-B9A98EEDBDDC}.Release.ActiveCfg = Release|Win32
		{DC1E6561-CD3C-44B9-8931-B9A98EEDBDDC}.Release.Build.0 = Release|Win32
	EndGlobalSection
	GlobalSection(ExtensibilityGlobals) = postSolution
	EndGlobalSection
	GlobalSection(ExtensibilityAddIns) = postSolution
	EndGlobalSection
EndGlobal
